
Microsoft Visual Studio Solution File, Format Version 12.00
# Visual Studio 15
VisualStudioVersion = 15.0.27428.1
MinimumVisualStudioVersion = 10.0.40219.1
Project("{FAE04EC0-301F-11D3-BF4B-00C04F79EFBC}") = "VeracityIntegrationDemo", "VeracityIntegrationDemo\VeracityIntegrationDemo.csproj", "{5FC0857A-D634-4CE8-A09A-57AC40055377}"
EndProject
Global
	GlobalSection(SolutionConfigurationPlatforms) = preSolution
		Debug|Any CPU = Debug|Any CPU
		Release|Any CPU = Release|Any CPU
	EndGlobalSection
	GlobalSection(ProjectConfigurationPlatforms) = postSolution
		{5FC0857A-D634-4CE8-A09A-57AC40055377}.Debug|Any CPU.ActiveCfg = Debug|Any CPU
		{5FC0857A-D634-4CE8-A09A-57AC40055377}.Debug|Any CPU.Build.0 = Debug|Any CPU
		{5FC0857A-D634-4CE8-A09A-57AC40055377}.Release|Any CPU.ActiveCfg = Release|Any CPU
		{5FC0857A-D634-4CE8-A09A-57AC40055377}.Release|Any CPU.Build.0 = Release|Any CPU
	EndGlobalSection
	GlobalSection(SolutionProperties) = preSolution
		HideSolutionNode = FALSE
	EndGlobalSection
	GlobalSection(ExtensibilityGlobals) = postSolution
		SolutionGuid = {C20B77D9-3363-4368-948D-FDDFEEEEA76D}
	EndGlobalSection
EndGlobal
